
Microsoft Visual Studio Solution File, Format Version 12.00
# Visual Studio Version 16
VisualStudioVersion = 16.0.30225.117
MinimumVisualStudioVersion = 10.0.40219.1
Project("{2150E333-8FDC-42A3-9474-1A3956D46DE8}") = "Domain", "Domain", "{F406C819-54CD-49DD-AD73-02CD26DBEFF6}"
EndProject
Project("{2150E333-8FDC-42A3-9474-1A3956D46DE8}") = "Presentation", "Presentation", "{6458EFC5-4668-4C1E-9168-BBE9C1CB4874}"
EndProject
Project("{2150E333-8FDC-42A3-9474-1A3956D46DE8}") = "Infrastructure", "Infrastructure", "{CC4F0FBC-1684-4AAF-B3C8-434B1729EE12}"
EndProject
Project("{2150E333-8FDC-42A3-9474-1A3956D46DE8}") = "Application", "Application", "{0C9F6565-0231-4D6D-9577-2806BFF66CCC}"
EndProject
Project("{9A19103F-16F7-4668-BE54-9A1E7A4F7556}") = "API.Users.Domain", "API.Users.Domain\API.Users.Domain.csproj", "{CC93C9E2-A9EE-46DD-A873-7AF387796418}"
EndProject
Project("{9A19103F-16F7-4668-BE54-9A1E7A4F7556}") = "API.Users.Domain.Core", "API.Users.Domain.Core\API.Users.Domain.Core.csproj", "{69430DD5-1B95-4080-9292-B47D26C23B7F}"
EndProject
Project("{9A19103F-16F7-4668-BE54-9A1E7A4F7556}") = "API.Users.Domain.Services", "API.Users.Domain.Services\API.Users.Domain.Services.csproj", "{39D88DA2-D5C2-4558-8BF1-2960122722E8}"
EndProject
Project("{9A19103F-16F7-4668-BE54-9A1E7A4F7556}") = "API.Users.Application", "API.Users.Application\API.Users.Application.csproj", "{DBB50E00-4610-4BF3-BCF6-FE4B77658681}"
EndProject
Project("{9A19103F-16F7-4668-BE54-9A1E7A4F7556}") = "API.Users.Application.DTO", "API.Users.Application.DTO\API.Users.Application.DTO.csproj", "{220EE80C-31C2-4BB3-A200-C24D0DE4DD08}"
EndProject
Project("{2150E333-8FDC-42A3-9474-1A3956D46DE8}") = "Data", "Data", "{2588CE8A-20C9-495C-A9A7-585675FA83D4}"
EndProject
Project("{2150E333-8FDC-42A3-9474-1A3956D46DE8}") = "CrossCutting", "CrossCutting", "{600DF44E-3C54-4C29-AFD4-E14478EC3567}"
EndProject
Project("{9A19103F-16F7-4668-BE54-9A1E7A4F7556}") = "API.Users.Infrastructure.Data", "API.Users.Infrastructure.Data\API.Users.Infrastructure.Data.csproj", "{2A2E44D2-7BA3-4EA0-90B6-78BA13AFFB01}"
EndProject
Project("{9A19103F-16F7-4668-BE54-9A1E7A4F7556}") = "API.Users.Infrastructure.Repository", "API.Users.Infrastructure.Repository\API.Users.Infrastructure.Repository.csproj", "{67E115E2-5FE1-4ADD-B3C2-9993EDA11F1E}"
EndProject
Project("{9A19103F-16F7-4668-BE54-9A1E7A4F7556}") = "API.Users.Infrastructure.CrossCutting.Adapter", "API.Users.Infrastruture.CrossCutting.Adapter\API.Users.Infrastructure.CrossCutting.Adapter.csproj", "{B336549E-A8A4-47D7-A4D9-3DA791B0A7CC}"
EndProject
Project("{9A19103F-16F7-4668-BE54-9A1E7A4F7556}") = "API.Users.Infrastructure.CrossCutting.IOC", "API.Users.Infrastruture.CrossCutting.IOC\API.Users.Infrastructure.CrossCutting.IOC.csproj", "{90350170-F050-4886-88DE-412444B83AD9}"
EndProject
Project("{FAE04EC0-301F-11D3-BF4B-00C04F79EFBC}") = "API.Users.Presentation", "API.Users.Presentation\API.Users.Presentation.csproj", "{6D822B57-4A1D-4B21-9500-C37C52EB92AA}"
EndProject
Global
	GlobalSection(SolutionConfigurationPlatforms) = preSolution
		Debug|Any CPU = Debug|Any CPU
		Release|Any CPU = Release|Any CPU
	EndGlobalSection
	GlobalSection(ProjectConfigurationPlatforms) = postSolution
		{CC93C9E2-A9EE-46DD-A873-7AF387796418}.Debug|Any CPU.ActiveCfg = Debug|Any CPU
		{CC93C9E2-A9EE-46DD-A873-7AF387796418}.Debug|Any CPU.Build.0 = Debug|Any CPU
		{CC93C9E2-A9EE-46DD-A873-7AF387796418}.Release|Any CPU.ActiveCfg = Release|Any CPU
		{CC93C9E2-A9EE-46DD-A873-7AF387796418}.Release|Any CPU.Build.0 = Release|Any CPU
		{69430DD5-1B95-4080-9292-B47D26C23B7F}.Debug|Any CPU.ActiveCfg = Debug|Any CPU
		{69430DD5-1B95-4080-9292-B47D26C23B7F}.Debug|Any CPU.Build.0 = Debug|Any CPU
		{69430DD5-1B95-4080-9292-B47D26C23B7F}.Release|Any CPU.ActiveCfg = Release|Any CPU
		{69430DD5-1B95-4080-9292-B47D26C23B7F}.Release|Any CPU.Build.0 = Release|Any CPU
		{39D88DA2-D5C2-4558-8BF1-2960122722E8}.Debug|Any CPU.ActiveCfg = Debug|Any CPU
		{39D88DA2-D5C2-4558-8BF1-2960122722E8}.Debug|Any CPU.Build.0 = Debug|Any CPU
		{39D88DA2-D5C2-4558-8BF1-2960122722E8}.Release|Any CPU.ActiveCfg = Release|Any CPU
		{39D88DA2-D5C2-4558-8BF1-2960122722E8}.Release|Any CPU.Build.0 = Release|Any CPU
		{DBB50E00-4610-4BF3-BCF6-FE4B77658681}.Debug|Any CPU.ActiveCfg = Debug|Any CPU
		{DBB50E00-4610-4BF3-BCF6-FE4B77658681}.Debug|Any CPU.Build.0 = Debug|Any CPU
		{DBB50E00-4610-4BF3-BCF6-FE4B77658681}.Release|Any CPU.ActiveCfg = Release|Any CPU
		{DBB50E00-4610-4BF3-BCF6-FE4B77658681}.Release|Any CPU.Build.0 = Release|Any CPU
		{220EE80C-31C2-4BB3-A200-C24D0DE4DD08}.Debug|Any CPU.ActiveCfg = Debug|Any CPU
		{220EE80C-31C2-4BB3-A200-C24D0DE4DD08}.Debug|Any CPU.Build.0 = Debug|Any CPU
		{220EE80C-31C2-4BB3-A200-C24D0DE4DD08}.Release|Any CPU.ActiveCfg = Release|Any CPU
		{220EE80C-31C2-4BB3-A200-C24D0DE4DD08}.Release|Any CPU.Build.0 = Release|Any CPU
		{2A2E44D2-7BA3-4EA0-90B6-78BA13AFFB01}.Debug|Any CPU.ActiveCfg = Debug|Any CPU
		{2A2E44D2-7BA3-4EA0-90B6-78BA13AFFB01}.Debug|Any CPU.Build.0 = Debug|Any CPU
		{2A2E44D2-7BA3-4EA0-90B6-78BA13AFFB01}.Release|Any CPU.ActiveCfg = Release|Any CPU
		{2A2E44D2-7BA3-4EA0-90B6-78BA13AFFB01}.Release|Any CPU.Build.0 = Release|Any CPU
		{67E115E2-5FE1-4ADD-B3C2-9993EDA11F1E}.Debug|Any CPU.ActiveCfg = Debug|Any CPU
		{67E115E2-5FE1-4ADD-B3C2-9993EDA11F1E}.Debug|Any CPU.Build.0 = Debug|Any CPU
		{67E115E2-5FE1-4ADD-B3C2-9993EDA11F1E}.Release|Any CPU.ActiveCfg = Release|Any CPU
		{67E115E2-5FE1-4ADD-B3C2-9993EDA11F1E}.Release|Any CPU.Build.0 = Release|Any CPU
		{B336549E-A8A4-47D7-A4D9-3DA791B0A7CC}.Debug|Any CPU.ActiveCfg = Debug|Any CPU
		{B336549E-A8A4-47D7-A4D9-3DA791B0A7CC}.Debug|Any CPU.Build.0 = Debug|Any CPU
		{B336549E-A8A4-47D7-A4D9-3DA791B0A7CC}.Release|Any CPU.ActiveCfg = Release|Any CPU
		{B336549E-A8A4-47D7-A4D9-3DA791B0A7CC}.Release|Any CPU.Build.0 = Release|Any CPU
		{90350170-F050-4886-88DE-412444B83AD9}.Debug|Any CPU.ActiveCfg = Debug|Any CPU
		{90350170-F050-4886-88DE-412444B83AD9}.Debug|Any CPU.Build.0 = Debug|Any CPU
		{90350170-F050-4886-88DE-412444B83AD9}.Release|Any CPU.ActiveCfg = Release|Any CPU
		{90350170-F050-4886-88DE-412444B83AD9}.Release|Any CPU.Build.0 = Release|Any CPU
		{6D822B57-4A1D-4B21-9500-C37C52EB92AA}.Debug|Any CPU.ActiveCfg = Debug|Any CPU
		{6D822B57-4A1D-4B21-9500-C37C52EB92AA}.Debug|Any CPU.Build.0 = Debug|Any CPU
		{6D822B57-4A1D-4B21-9500-C37C52EB92AA}.Release|Any CPU.ActiveCfg = Release|Any CPU
		{6D822B57-4A1D-4B21-9500-C37C52EB92AA}.Release|Any CPU.Build.0 = Release|Any CPU
	EndGlobalSection
	GlobalSection(SolutionProperties) = preSolution
		HideSolutionNode = FALSE
	EndGlobalSection
	GlobalSection(NestedProjects) = preSolution
		{CC93C9E2-A9EE-46DD-A873-7AF387796418} = {F406C819-54CD-49DD-AD73-02CD26DBEFF6}
		{69430DD5-1B95-4080-9292-B47D26C23B7F} = {F406C819-54CD-49DD-AD73-02CD26DBEFF6}
		{39D88DA2-D5C2-4558-8BF1-2960122722E8} = {F406C819-54CD-49DD-AD73-02CD26DBEFF6}
		{DBB50E00-4610-4BF3-BCF6-FE4B77658681} = {0C9F6565-0231-4D6D-9577-2806BFF66CCC}
		{220EE80C-31C2-4BB3-A200-C24D0DE4DD08} = {0C9F6565-0231-4D6D-9577-2806BFF66CCC}
		{2588CE8A-20C9-495C-A9A7-585675FA83D4} = {CC4F0FBC-1684-4AAF-B3C8-434B1729EE12}
		{600DF44E-3C54-4C29-AFD4-E14478EC3567} = {CC4F0FBC-1684-4AAF-B3C8-434B1729EE12}
		{2A2E44D2-7BA3-4EA0-90B6-78BA13AFFB01} = {2588CE8A-20C9-495C-A9A7-585675FA83D4}
		{67E115E2-5FE1-4ADD-B3C2-9993EDA11F1E} = {2588CE8A-20C9-495C-A9A7-585675FA83D4}
		{B336549E-A8A4-47D7-A4D9-3DA791B0A7CC} = {600DF44E-3C54-4C29-AFD4-E14478EC3567}
		{90350170-F050-4886-88DE-412444B83AD9} = {600DF44E-3C54-4C29-AFD4-E14478EC3567}
		{6D822B57-4A1D-4B21-9500-C37C52EB92AA} = {6458EFC5-4668-4C1E-9168-BBE9C1CB4874}
	EndGlobalSection
	GlobalSection(ExtensibilityGlobals) = postSolution
		SolutionGuid = {69D31357-5EC6-4CD7-AD95-722E080311FD}
	EndGlobalSection
EndGlobal
